
Microsoft Visual Studio Solution File, Format Version 12.00
# Visual Studio Version 17
VisualStudioVersion = 17.2.32630.192
MinimumVisualStudioVersion = 10.0.40219.1
Project("{FAE04EC0-301F-11D3-BF4B-00C04F79EFBC}") = "VariablesHUD", "VariablesHUD\VariablesHUD.csproj", "{8E178910-EDA4-44F3-A94A-F8BCDE1F688E}"
EndProject
Global
	GlobalSection(SolutionConfigurationPlatforms) = preSolution
		Debug|Any CPU = Debug|Any CPU
		Release|Any CPU = Release|Any CPU
	EndGlobalSection
	GlobalSection(ProjectConfigurationPlatforms) = postSolution
		{8E178910-EDA4-44F3-A94A-F8BCDE1F688E}.Debug|Any CPU.ActiveCfg = Debug|Any CPU
		{8E178910-EDA4-44F3-A94A-F8BCDE1F688E}.Debug|Any CPU.Build.0 = Debug|Any CPU
		{8E178910-EDA4-44F3-A94A-F8BCDE1F688E}.Release|Any CPU.ActiveCfg = Release|Any CPU
		{8E178910-EDA4-44F3-A94A-F8BCDE1F688E}.Release|Any CPU.Build.0 = Release|Any CPU
	EndGlobalSection
	GlobalSection(SolutionProperties) = preSolution
		HideSolutionNode = FALSE
	EndGlobalSection
	GlobalSection(ExtensibilityGlobals) = postSolution
		SolutionGuid = {AA1B2843-ABEB-4852-8034-D009CAC7A77E}
	EndGlobalSection
EndGlobal
